
Microsoft Visual Studio Solution File, Format Version 12.00
# Visual Studio Version 16
VisualStudioVersion = 16.0.29001.49
MinimumVisualStudioVersion = 10.0.40219.1
Project("{9A19103F-16F7-4668-BE54-9A1E7A4F7556}") = "ProductMicroservice", "ProductMicroservice\ProductMicroservice.csproj", "{99AABAB5-BC78-432C-99C8-BF4B22F2B09D}"
EndProject
Project("{E53339B2-1760-4266-BCC7-CA923CBCF16C}") = "docker-compose", "docker-compose.dcproj", "{0C1D8653-CBA9-4902-9DC4-B9E0EEE89A16}"
EndProject
Global
	GlobalSection(SolutionConfigurationPlatforms) = preSolution
		Debug|Any CPU = Debug|Any CPU
		Release|Any CPU = Release|Any CPU
	EndGlobalSection
	GlobalSection(ProjectConfigurationPlatforms) = postSolution
		{99AABAB5-BC78-432C-99C8-BF4B22F2B09D}.Debug|Any CPU.ActiveCfg = Debug|Any CPU
		{99AABAB5-BC78-432C-99C8-BF4B22F2B09D}.Debug|Any CPU.Build.0 = Debug|Any CPU
		{99AABAB5-BC78-432C-99C8-BF4B22F2B09D}.Release|Any CPU.ActiveCfg = Release|Any CPU
		{99AABAB5-BC78-432C-99C8-BF4B22F2B09D}.Release|Any CPU.Build.0 = Release|Any CPU
		{0C1D8653-CBA9-4902-9DC4-B9E0EEE89A16}.Debug|Any CPU.ActiveCfg = Debug|Any CPU
		{0C1D8653-CBA9-4902-9DC4-B9E0EEE89A16}.Debug|Any CPU.Build.0 = Debug|Any CPU
		{0C1D8653-CBA9-4902-9DC4-B9E0EEE89A16}.Release|Any CPU.ActiveCfg = Release|Any CPU
		{0C1D8653-CBA9-4902-9DC4-B9E0EEE89A16}.Release|Any CPU.Build.0 = Release|Any CPU
	EndGlobalSection
	GlobalSection(SolutionProperties) = preSolution
		HideSolutionNode = FALSE
	EndGlobalSection
	GlobalSection(ExtensibilityGlobals) = postSolution
		SolutionGuid = {1F22E541-48B6-413F-ACAB-1F27746D0CC6}
	EndGlobalSection
EndGlobal
